
Microsoft Visual Studio Solution File, Format Version 12.00
# Visual Studio Version 17
VisualStudioVersion = 17.5.2.0
MinimumVisualStudioVersion = 10.0.40219.1
Project("{2150E333-8FDC-42A3-9474-1A3956D46DE8}") = "src", "src", "{827E0CD3-B72D-47B6-A68D-7590B98EB39B}"
EndProject
Project("{2150E333-8FDC-42A3-9474-1A3956D46DE8}") = "tests", "tests", "{0AB3BF05-4346-4AA6-1389-037BE0695223}"
EndProject
Project("{FAE04EC0-301F-11D3-BF4B-00C04F79EFBC}") = "QuotationAccelerator.Catalog", "src\Catalog\QuotationAccelerator.Catalog.csproj", "{94663C38-20F4-0FFA-3AEA-0208EF2DD4C0}"
EndProject
Project("{FAE04EC0-301F-11D3-BF4B-00C04F79EFBC}") = "QuotationAccelerator.Desktop", "src\Desktop\QuotationAccelerator.Desktop.csproj", "{2146A84E-6056-C20E-B383-6700B2E399B3}"
EndProject
Project("{FAE04EC0-301F-11D3-BF4B-00C04F79EFBC}") = "QuotationAccelerator.Infrastructure", "src\Infrastructure\QuotationAccelerator.Infrastructure.csproj", "{A0ACEAB0-F10C-172A-1016-E1F32E57243A}"
EndProject
Project("{FAE04EC0-301F-11D3-BF4B-00C04F79EFBC}") = "QuotationAccelerator.Inquiry", "src\Inquiry\QuotationAccelerator.Inquiry.csproj", "{BA8AD722-A50F-A33D-D5D0-07972CDF289A}"
EndProject
Project("{FAE04EC0-301F-11D3-BF4B-00C04F79EFBC}") = "QuotationAccelerator.Matching", "src\Matching\QuotationAccelerator.Matching.csproj", "{278F9EB6-D600-5AD7-26A4-43DA1807FAEA}"
EndProject
Project("{FAE04EC0-301F-11D3-BF4B-00C04F79EFBC}") = "QuotationAccelerator.SharedKernel", "src\SharedKernel\QuotationAccelerator.SharedKernel.csproj", "{4DD46DAF-805B-14AB-AAA3-DF7C40DE6B8A}"
EndProject
Project("{FAE04EC0-301F-11D3-BF4B-00C04F79EFBC}") = "QuotationAccelerator.Architecture.Tests", "tests\Architecture.Tests\QuotationAccelerator.Architecture.Tests.csproj", "{199DAE55-C6EE-FEE9-49D6-5D9207087C46}"
EndProject
Project("{FAE04EC0-301F-11D3-BF4B-00C04F79EFBC}") = "QuotationAccelerator.Catalog.UnitTests", "tests\Catalog.UnitTests\QuotationAccelerator.Catalog.UnitTests.csproj", "{589C02BA-D1F5-C0DC-F63E-FA58AECB7900}"
EndProject
Project("{2150E333-8FDC-42A3-9474-1A3956D46DE8}") = "Matching.UnitTests", "Matching.UnitTests", "{80FF94B5-9DE2-2B86-3DBB-75AA6A2C1D2B}"
EndProject
Project("{FAE04EC0-301F-11D3-BF4B-00C04F79EFBC}") = "QuotationAccelerator.Matching.UnitTests", "tests\Matching.UnitTests\QuotationAccelerator.Matching.UnitTests.csproj", "{0340B2DE-7D06-404C-B819-72BFE5DC3CB3}"
EndProject
Project("{2150E333-8FDC-42A3-9474-1A3956D46DE8}") = "Export", "Export", "{ADD4EE86-023A-AF14-8E3F-B977BAE7CF9C}"
EndProject
Project("{FAE04EC0-301F-11D3-BF4B-00C04F79EFBC}") = "QuotationAccelerator.Export", "src\Export\QuotationAccelerator.Export.csproj", "{C17F368E-948A-46E8-BC39-B7FDB55A761E}"
EndProject
Project("{2150E333-8FDC-42A3-9474-1A3956D46DE8}") = "Inquiry", "Inquiry", "{835ACA6A-53B7-5DA1-2724-95F82CFF5E01}"
EndProject
Project("{2150E333-8FDC-42A3-9474-1A3956D46DE8}") = "Matching", "Matching", "{7C6F69FA-2F1B-4A06-9CAE-58D1E13FA5CB}"
EndProject
Project("{2150E333-8FDC-42A3-9474-1A3956D46DE8}") = "SharedKernel", "SharedKernel", "{85F909CB-8F14-ECC8-BA9D-713D1771907F}"
EndProject
Project("{2150E333-8FDC-42A3-9474-1A3956D46DE8}") = "Inbox", "Inbox", "{5005E19C-514F-A5F4-48C4-869F170B441F}"
EndProject
Project("{FAE04EC0-301F-11D3-BF4B-00C04F79EFBC}") = "QuotationAccelerator.Inbox", "src\Inbox\QuotationAccelerator.Inbox.csproj", "{816ECC2D-B3FF-44B5-9B27-12CE55F4412E}"
EndProject
Project("{2150E333-8FDC-42A3-9474-1A3956D46DE8}") = "Inbox.UnitTests", "Inbox.UnitTests", "{06273737-098F-E20D-5FC1-97D756C22A1D}"
EndProject
Project("{FAE04EC0-301F-11D3-BF4B-00C04F79EFBC}") = "QuotationAccelerator.Inbox.UnitTests", "tests\Inbox.UnitTests\QuotationAccelerator.Inbox.UnitTests.csproj", "{77F4F56A-064B-4DA2-9E53-19DB24F72424}"
EndProject
Global
	GlobalSection(SolutionConfigurationPlatforms) = preSolution
		Debug|Any CPU = Debug|Any CPU
		Debug|x64 = Debug|x64
		Debug|x86 = Debug|x86
		Release|Any CPU = Release|Any CPU
		Release|x64 = Release|x64
		Release|x86 = Release|x86
	EndGlobalSection
	GlobalSection(ProjectConfigurationPlatforms) = postSolution
		{94663C38-20F4-0FFA-3AEA-0208EF2DD4C0}.Debug|Any CPU.ActiveCfg = Debug|Any CPU
		{94663C38-20F4-0FFA-3AEA-0208EF2DD4C0}.Debug|Any CPU.Build.0 = Debug|Any CPU
		{94663C38-20F4-0FFA-3AEA-0208EF2DD4C0}.Debug|x64.ActiveCfg = Debug|Any CPU
		{94663C38-20F4-0FFA-3AEA-0208EF2DD4C0}.Debug|x64.Build.0 = Debug|Any CPU
		{94663C38-20F4-0FFA-3AEA-0208EF2DD4C0}.Debug|x86.ActiveCfg = Debug|Any CPU
		{94663C38-20F4-0FFA-3AEA-0208EF2DD4C0}.Debug|x86.Build.0 = Debug|Any CPU
		{94663C38-20F4-0FFA-3AEA-0208EF2DD4C0}.Release|Any CPU.ActiveCfg = Release|Any CPU
		{94663C38-20F4-0FFA-3AEA-0208EF2DD4C0}.Release|Any CPU.Build.0 = Release|Any CPU
		{94663C38-20F4-0FFA-3AEA-0208EF2DD4C0}.Release|x64.ActiveCfg = Release|Any CPU
		{94663C38-20F4-0FFA-3AEA-0208EF2DD4C0}.Release|x64.Build.0 = Release|Any CPU
		{94663C38-20F4-0FFA-3AEA-0208EF2DD4C0}.Release|x86.ActiveCfg = Release|Any CPU
		{94663C38-20F4-0FFA-3AEA-0208EF2DD4C0}.Release|x86.Build.0 = Release|Any CPU
		{2146A84E-6056-C20E-B383-6700B2E399B3}.Debug|Any CPU.ActiveCfg = Debug|Any CPU
		{2146A84E-6056-C20E-B383-6700B2E399B3}.Debug|Any CPU.Build.0 = Debug|Any CPU
		{2146A84E-6056-C20E-B383-6700B2E399B3}.Debug|x64.ActiveCfg = Debug|Any CPU
		{2146A84E-6056-C20E-B383-6700B2E399B3}.Debug|x64.Build.0 = Debug|Any CPU
		{2146A84E-6056-C20E-B383-6700B2E399B3}.Debug|x86.ActiveCfg = Debug|Any CPU
		{2146A84E-6056-C20E-B383-6700B2E399B3}.Debug|x86.Build.0 = Debug|Any CPU
		{2146A84E-6056-C20E-B383-6700B2E399B3}.Release|Any CPU.ActiveCfg = Release|Any CPU
		{2146A84E-6056-C20E-B383-6700B2E399B3}.Release|Any CPU.Build.0 = Release|Any CPU
		{2146A84E-6056-C20E-B383-6700B2E399B3}.Release|x64.ActiveCfg = Release|Any CPU
		{2146A84E-6056-C20E-B383-6700B2E399B3}.Release|x64.Build.0 = Release|Any CPU
		{2146A84E-6056-C20E-B383-6700B2E399B3}.Release|x86.ActiveCfg = Release|Any CPU
		{2146A84E-6056-C20E-B383-6700B2E399B3}.Release|x86.Build.0 = Release|Any CPU
		{A0ACEAB0-F10C-172A-1016-E1F32E57243A}.Debug|Any CPU.ActiveCfg = Debug|Any CPU
		{A0ACEAB0-F10C-172A-1016-E1F32E57243A}.Debug|Any CPU.Build.0 = Debug|Any CPU
		{A0ACEAB0-F10C-172A-1016-E1F32E57243A}.Debug|x64.ActiveCfg = Debug|Any CPU
		{A0ACEAB0-F10C-172A-1016-E1F32E57243A}.Debug|x64.Build.0 = Debug|Any CPU
		{A0ACEAB0-F10C-172A-1016-E1F32E57243A}.Debug|x86.ActiveCfg = Debug|Any CPU
		{A0ACEAB0-F10C-172A-1016-E1F32E57243A}.Debug|x86.Build.0 = Debug|Any CPU
		{A0ACEAB0-F10C-172A-1016-E1F32E57243A}.Release|Any CPU.ActiveCfg = Release|Any CPU
		{A0ACEAB0-F10C-172A-1016-E1F32E57243A}.Release|Any CPU.Build.0 = Release|Any CPU
		{A0ACEAB0-F10C-172A-1016-E1F32E57243A}.Release|x64.ActiveCfg = Release|Any CPU
		{A0ACEAB0-F10C-172A-1016-E1F32E57243A}.Release|x64.Build.0 = Release|Any CPU
		{A0ACEAB0-F10C-172A-1016-E1F32E57243A}.Release|x86.ActiveCfg = Release|Any CPU
		{A0ACEAB0-F10C-172A-1016-E1F32E57243A}.Release|x86.Build.0 = Release|Any CPU
		{BA8AD722-A50F-A33D-D5D0-07972CDF289A}.Debug|Any CPU.ActiveCfg = Debug|Any CPU
		{BA8AD722-A50F-A33D-D5D0-07972CDF289A}.Debug|Any CPU.Build.0 = Debug|Any CPU
		{BA8AD722-A50F-A33D-D5D0-07972CDF289A}.Debug|x64.ActiveCfg = Debug|Any CPU
		{BA8AD722-A50F-A33D-D5D0-07972CDF289A}.Debug|x64.Build.0 = Debug|Any CPU
		{BA8AD722-A50F-A33D-D5D0-07972CDF289A}.Debug|x86.ActiveCfg = Debug|Any CPU
		{BA8AD722-A50F-A33D-D5D0-07972CDF289A}.Debug|x86.Build.0 = Debug|Any CPU
		{BA8AD722-A50F-A33D-D5D0-07972CDF289A}.Release|Any CPU.ActiveCfg = Release|Any CPU
		{BA8AD722-A50F-A33D-D5D0-07972CDF289A}.Release|Any CPU.Build.0 = Release|Any CPU
		{BA8AD722-A50F-A33D-D5D0-07972CDF289A}.Release|x64.ActiveCfg = Release|Any CPU
		{BA8AD722-A50F-A33D-D5D0-07972CDF289A}.Release|x64.Build.0 = Release|Any CPU
		{BA8AD722-A50F-A33D-D5D0-07972CDF289A}.Release|x86.ActiveCfg = Release|Any CPU
		{BA8AD722-A50F-A33D-D5D0-07972CDF289A}.Release|x86.Build.0 = Release|Any CPU
		{278F9EB6-D600-5AD7-26A4-43DA1807FAEA}.Debug|Any CPU.ActiveCfg = Debug|Any CPU
		{278F9EB6-D600-5AD7-26A4-43DA1807FAEA}.Debug|Any CPU.Build.0 = Debug|Any CPU
		{278F9EB6-D600-5AD7-26A4-43DA1807FAEA}.Debug|x64.ActiveCfg = Debug|Any CPU
		{278F9EB6-D600-5AD7-26A4-43DA1807FAEA}.Debug|x64.Build.0 = Debug|Any CPU
		{278F9EB6-D600-5AD7-26A4-43DA1807FAEA}.Debug|x86.ActiveCfg = Debug|Any CPU
		{278F9EB6-D600-5AD7-26A4-43DA1807FAEA}.Debug|x86.Build.0 = Debug|Any CPU
		{278F9EB6-D600-5AD7-26A4-43DA1807FAEA}.Release|Any CPU.ActiveCfg = Release|Any CPU
		{278F9EB6-D600-5AD7-26A4-43DA1807FAEA}.Release|Any CPU.Build.0 = Release|Any CPU
		{278F9EB6-D600-5AD7-26A4-43DA1807FAEA}.Release|x64.ActiveCfg = Release|Any CPU
		{278F9EB6-D600-5AD7-26A4-43DA1807FAEA}.Release|x64.Build.0 = Release|Any CPU
		{278F9EB6-D600-5AD7-26A4-43DA1807FAEA}.Release|x86.ActiveCfg = Release|Any CPU
		{278F9EB6-D600-5AD7-26A4-43DA1807FAEA}.Release|x86.Build.0 = Release|Any CPU
		{4DD46DAF-805B-14AB-AAA3-DF7C40DE6B8A}.Debug|Any CPU.ActiveCfg = Debug|Any CPU
		{4DD46DAF-805B-14AB-AAA3-DF7C40DE6B8A}.Debug|Any CPU.Build.0 = Debug|Any CPU
		{4DD46DAF-805B-14AB-AAA3-DF7C40DE6B8A}.Debug|x64.ActiveCfg = Debug|Any CPU
		{4DD46DAF-805B-14AB-AAA3-DF7C40DE6B8A}.Debug|x64.Build.0 = Debug|Any CPU
		{4DD46DAF-805B-14AB-AAA3-DF7C40DE6B8A}.Debug|x86.ActiveCfg = Debug|Any CPU
		{4DD46DAF-805B-14AB-AAA3-DF7C40DE6B8A}.Debug|x86.Build.0 = Debug|Any CPU
		{4DD46DAF-805B-14AB-AAA3-DF7C40DE6B8A}.Release|Any CPU.ActiveCfg = Release|Any CPU
		{4DD46DAF-805B-14AB-AAA3-DF7C40DE6B8A}.Release|Any CPU.Build.0 = Release|Any CPU
		{4DD46DAF-805B-14AB-AAA3-DF7C40DE6B8A}.Release|x64.ActiveCfg = Release|Any CPU
		{4DD46DAF-805B-14AB-AAA3-DF7C40DE6B8A}.Release|x64.Build.0 = Release|Any CPU
		{4DD46DAF-805B-14AB-AAA3-DF7C40DE6B8A}.Release|x86.ActiveCfg = Release|Any CPU
		{4DD46DAF-805B-14AB-AAA3-DF7C40DE6B8A}.Release|x86.Build.0 = Release|Any CPU
		{199DAE55-C6EE-FEE9-49D6-5D9207087C46}.Debug|Any CPU.ActiveCfg = Debug|Any CPU
		{199DAE55-C6EE-FEE9-49D6-5D9207087C46}.Debug|Any CPU.Build.0 = Debug|Any CPU
		{199DAE55-C6EE-FEE9-49D6-5D9207087C46}.Debug|x64.ActiveCfg = Debug|Any CPU
		{199DAE55-C6EE-FEE9-49D6-5D9207087C46}.Debug|x64.Build.0 = Debug|Any CPU
		{199DAE55-C6EE-FEE9-49D6-5D9207087C46}.Debug|x86.ActiveCfg = Debug|Any CPU
		{199DAE55-C6EE-FEE9-49D6-5D9207087C46}.Debug|x86.Build.0 = Debug|Any CPU
		{199DAE55-C6EE-FEE9-49D6-5D9207087C46}.Release|Any CPU.ActiveCfg = Release|Any CPU
		{199DAE55-C6EE-FEE9-49D6-5D9207087C46}.Release|Any CPU.Build.0 = Release|Any CPU
		{199DAE55-C6EE-FEE9-49D6-5D9207087C46}.Release|x64.ActiveCfg = Release|Any CPU
		{199DAE55-C6EE-FEE9-49D6-5D9207087C46}.Release|x64.Build.0 = Release|Any CPU
		{199DAE55-C6EE-FEE9-49D6-5D9207087C46}.Release|x86.ActiveCfg = Release|Any CPU
		{199DAE55-C6EE-FEE9-49D6-5D9207087C46}.Release|x86.Build.0 = Release|Any CPU
		{589C02BA-D1F5-C0DC-F63E-FA58AECB7900}.Debug|Any CPU.ActiveCfg = Debug|Any CPU
		{589C02BA-D1F5-C0DC-F63E-FA58AECB7900}.Debug|Any CPU.Build.0 = Debug|Any CPU
		{589C02BA-D1F5-C0DC-F63E-FA58AECB7900}.Debug|x64.ActiveCfg = Debug|Any CPU
		{589C02BA-D1F5-C0DC-F63E-FA58AECB7900}.Debug|x64.Build.0 = Debug|Any CPU
		{589C02BA-D1F5-C0DC-F63E-FA58AECB7900}.Debug|x86.ActiveCfg = Debug|Any CPU
		{589C02BA-D1F5-C0DC-F63E-FA58AECB7900}.Debug|x86.Build.0 = Debug|Any CPU
		{589C02BA-D1F5-C0DC-F63E-FA58AECB7900}.Release|Any CPU.ActiveCfg = Release|Any CPU
		{589C02BA-D1F5-C0DC-F63E-FA58AECB7900}.Release|Any CPU.Build.0 = Release|Any CPU
		{589C02BA-D1F5-C0DC-F63E-FA58AECB7900}.Release|x64.ActiveCfg = Release|Any CPU
		{589C02BA-D1F5-C0DC-F63E-FA58AECB7900}.Release|x64.Build.0 = Release|Any CPU
		{589C02BA-D1F5-C0DC-F63E-FA58AECB7900}.Release|x86.ActiveCfg = Release|Any CPU
		{589C02BA-D1F5-C0DC-F63E-FA58AECB7900}.Release|x86.Build.0 = Release|Any CPU
		{0340B2DE-7D06-404C-B819-72BFE5DC3CB3}.Debug|Any CPU.ActiveCfg = Debug|Any CPU
		{0340B2DE-7D06-404C-B819-72BFE5DC3CB3}.Debug|Any CPU.Build.0 = Debug|Any CPU
		{0340B2DE-7D06-404C-B819-72BFE5DC3CB3}.Debug|x64.ActiveCfg = Debug|Any CPU
		{0340B2DE-7D06-404C-B819-72BFE5DC3CB3}.Debug|x64.Build.0 = Debug|Any CPU
		{0340B2DE-7D06-404C-B819-72BFE5DC3CB3}.Debug|x86.ActiveCfg = Debug|Any CPU
		{0340B2DE-7D06-404C-B819-72BFE5DC3CB3}.Debug|x86.Build.0 = Debug|Any CPU
		{0340B2DE-7D06-404C-B819-72BFE5DC3CB3}.Release|Any CPU.ActiveCfg = Release|Any CPU
		{0340B2DE-7D06-404C-B819-72BFE5DC3CB3}.Release|Any CPU.Build.0 = Release|Any CPU
		{0340B2DE-7D06-404C-B819-72BFE5DC3CB3}.Release|x64.ActiveCfg = Release|Any CPU
		{0340B2DE-7D06-404C-B819-72BFE5DC3CB3}.Release|x64.Build.0 = Release|Any CPU
		{0340B2DE-7D06-404C-B819-72BFE5DC3CB3}.Release|x86.ActiveCfg = Release|Any CPU
		{0340B2DE-7D06-404C-B819-72BFE5DC3CB3}.Release|x86.Build.0 = Release|Any CPU
		{C17F368E-948A-46E8-BC39-B7FDB55A761E}.Debug|Any CPU.ActiveCfg = Debug|Any CPU
		{C17F368E-948A-46E8-BC39-B7FDB55A761E}.Debug|Any CPU.Build.0 = Debug|Any CPU
		{C17F368E-948A-46E8-BC39-B7FDB55A761E}.Debug|x64.ActiveCfg = Debug|Any CPU
		{C17F368E-948A-46E8-BC39-B7FDB55A761E}.Debug|x64.Build.0 = Debug|Any CPU
		{C17F368E-948A-46E8-BC39-B7FDB55A761E}.Debug|x86.ActiveCfg = Debug|Any CPU
		{C17F368E-948A-46E8-BC39-B7FDB55A761E}.Debug|x86.Build.0 = Debug|Any CPU
		{C17F368E-948A-46E8-BC39-B7FDB55A761E}.Release|Any CPU.ActiveCfg = Release|Any CPU
		{C17F368E-948A-46E8-BC39-B7FDB55A761E}.Release|Any CPU.Build.0 = Release|Any CPU
		{C17F368E-948A-46E8-BC39-B7FDB55A761E}.Release|x64.ActiveCfg = Release|Any CPU
		{C17F368E-948A-46E8-BC39-B7FDB55A761E}.Release|x64.Build.0 = Release|Any CPU
		{C17F368E-948A-46E8-BC39-B7FDB55A761E}.Release|x86.ActiveCfg = Release|Any CPU
		{C17F368E-948A-46E8-BC39-B7FDB55A761E}.Release|x86.Build.0 = Release|Any CPU
		{816ECC2D-B3FF-44B5-9B27-12CE55F4412E}.Debug|Any CPU.ActiveCfg = Debug|Any CPU
		{816ECC2D-B3FF-44B5-9B27-12CE55F4412E}.Debug|Any CPU.Build.0 = Debug|Any CPU
		{816ECC2D-B3FF-44B5-9B27-12CE55F4412E}.Debug|x64.ActiveCfg = Debug|Any CPU
		{816ECC2D-B3FF-44B5-9B27-12CE55F4412E}.Debug|x64.Build.0 = Debug|Any CPU
		{816ECC2D-B3FF-44B5-9B27-12CE55F4412E}.Debug|x86.ActiveCfg = Debug|Any CPU
		{816ECC2D-B3FF-44B5-9B27-12CE55F4412E}.Debug|x86.Build.0 = Debug|Any CPU
		{816ECC2D-B3FF-44B5-9B27-12CE55F4412E}.Release|Any CPU.ActiveCfg = Release|Any CPU
		{816ECC2D-B3FF-44B5-9B27-12CE55F4412E}.Release|Any CPU.Build.0 = Release|Any CPU
		{816ECC2D-B3FF-44B5-9B27-12CE55F4412E}.Release|x64.ActiveCfg = Release|Any CPU
		{816ECC2D-B3FF-44B5-9B27-12CE55F4412E}.Release|x64.Build.0 = Release|Any CPU
		{816ECC2D-B3FF-44B5-9B27-12CE55F4412E}.Release|x86.ActiveCfg = Release|Any CPU
		{816ECC2D-B3FF-44B5-9B27-12CE55F4412E}.Release|x86.Build.0 = Release|Any CPU
		{77F4F56A-064B-4DA2-9E53-19DB24F72424}.Debug|Any CPU.ActiveCfg = Debug|Any CPU
		{77F4F56A-064B-4DA2-9E53-19DB24F72424}.Debug|Any CPU.Build.0 = Debug|Any CPU
		{77F4F56A-064B-4DA2-9E53-19DB24F72424}.Debug|x64.ActiveCfg = Debug|Any CPU
		{77F4F56A-064B-4DA2-9E53-19DB24F72424}.Debug|x64.Build.0 = Debug|Any CPU
		{77F4F56A-064B-4DA2-9E53-19DB24F72424}.Debug|x86.ActiveCfg = Debug|Any CPU
		{77F4F56A-064B-4DA2-9E53-19DB24F72424}.Debug|x86.Build.0 = Debug|Any CPU
		{77F4F56A-064B-4DA2-9E53-19DB24F72424}.Release|Any CPU.ActiveCfg = Release|Any CPU
		{77F4F56A-064B-4DA2-9E53-19DB24F72424}.Release|Any CPU.Build.0 = Release|Any CPU
		{77F4F56A-064B-4DA2-9E53-19DB24F72424}.Release|x64.ActiveCfg = Release|Any CPU
		{77F4F56A-064B-4DA2-9E53-19DB24F72424}.Release|x64.Build.0 = Release|Any CPU
		{77F4F56A-064B-4DA2-9E53-19DB24F72424}.Release|x86.ActiveCfg = Release|Any CPU
		{77F4F56A-064B-4DA2-9E53-19DB24F72424}.Release|x86.Build.0 = Release|Any CPU
	EndGlobalSection
	GlobalSection(SolutionProperties) = preSolution
		HideSolutionNode = FALSE
	EndGlobalSection
	GlobalSection(NestedProjects) = preSolution
		{94663C38-20F4-0FFA-3AEA-0208EF2DD4C0} = {827E0CD3-B72D-47B6-A68D-7590B98EB39B}
		{2146A84E-6056-C20E-B383-6700B2E399B3} = {827E0CD3-B72D-47B6-A68D-7590B98EB39B}
		{A0ACEAB0-F10C-172A-1016-E1F32E57243A} = {827E0CD3-B72D-47B6-A68D-7590B98EB39B}
		{BA8AD722-A50F-A33D-D5D0-07972CDF289A} = {827E0CD3-B72D-47B6-A68D-7590B98EB39B}
		{278F9EB6-D600-5AD7-26A4-43DA1807FAEA} = {827E0CD3-B72D-47B6-A68D-7590B98EB39B}
		{4DD46DAF-805B-14AB-AAA3-DF7C40DE6B8A} = {827E0CD3-B72D-47B6-A68D-7590B98EB39B}
		{199DAE55-C6EE-FEE9-49D6-5D9207087C46} = {0AB3BF05-4346-4AA6-1389-037BE0695223}
		{589C02BA-D1F5-C0DC-F63E-FA58AECB7900} = {0AB3BF05-4346-4AA6-1389-037BE0695223}
		{80FF94B5-9DE2-2B86-3DBB-75AA6A2C1D2B} = {0AB3BF05-4346-4AA6-1389-037BE0695223}
		{0340B2DE-7D06-404C-B819-72BFE5DC3CB3} = {80FF94B5-9DE2-2B86-3DBB-75AA6A2C1D2B}
		{ADD4EE86-023A-AF14-8E3F-B977BAE7CF9C} = {827E0CD3-B72D-47B6-A68D-7590B98EB39B}
		{C17F368E-948A-46E8-BC39-B7FDB55A761E} = {ADD4EE86-023A-AF14-8E3F-B977BAE7CF9C}
		{835ACA6A-53B7-5DA1-2724-95F82CFF5E01} = {827E0CD3-B72D-47B6-A68D-7590B98EB39B}
		{7C6F69FA-2F1B-4A06-9CAE-58D1E13FA5CB} = {827E0CD3-B72D-47B6-A68D-7590B98EB39B}
		{85F909CB-8F14-ECC8-BA9D-713D1771907F} = {827E0CD3-B72D-47B6-A68D-7590B98EB39B}
		{5005E19C-514F-A5F4-48C4-869F170B441F} = {827E0CD3-B72D-47B6-A68D-7590B98EB39B}
		{816ECC2D-B3FF-44B5-9B27-12CE55F4412E} = {5005E19C-514F-A5F4-48C4-869F170B441F}
		{06273737-098F-E20D-5FC1-97D756C22A1D} = {0AB3BF05-4346-4AA6-1389-037BE0695223}
		{77F4F56A-064B-4DA2-9E53-19DB24F72424} = {06273737-098F-E20D-5FC1-97D756C22A1D}
	EndGlobalSection
	GlobalSection(ExtensibilityGlobals) = postSolution
		SolutionGuid = {AE601D58-6F8E-4B61-9EC8-5C5AC30486F9}
	EndGlobalSection
EndGlobal
